# This file is autogenerated, do not edit; changes may be undone by the next 'dep ensure'.


[[projects]]
  branch = "master"
  digest = "1:256d88f390962f6196ad396181562d61766cd15923ca752890420a12c9f3385c"
  name = "github.com/evilsocket/ftrace"
  packages = ["."]
  pruneopts = "UT"
  revision = "06529699d3b47fd1adae671b6851dd6f7539c841"

[[projects]]
  branch = "master"
  digest = "1:66aa51f84ea09b487a5c86ed37c4795057c1ab96e801b59e1b1b298c0a4ee314"
  name = "github.com/google/gopacket"
  packages = [
    ".",
    "layers",
  ]
  pruneopts = "UT"
  revision = "4772b23424e5e835a4157d125cc2f370e0f3a5f2"

[solve-meta]
  analyzer-name = "dep"
  analyzer-version = 1
  input-imports = [
    "github.com/evilsocket/ftrace",
    "github.com/google/gopacket",
    "github.com/google/gopacket/layers",
  ]
  solver-name = "gps-cdcl"
  solver-version = 1
